
Microsoft Visual Studio Solution File, Format Version 12.00
# Visual Studio Version 17
VisualStudioVersion = 17.8.34525.116
MinimumVisualStudioVersion = 10.0.40219.1
Project("{FAE04EC0-301F-11D3-BF4B-00C04F79EFBC}") = "UdemyUnitTest.APP", "UdemyUnitTest.APP\UdemyUnitTest.APP.csproj", "{01E13CD0-7DC6-4FB2-9839-1FFA42A5E91B}"
EndProject
Project("{FAE04EC0-301F-11D3-BF4B-00C04F79EFBC}") = "UdemyUnitTest.Test", "UdemyUnitTest.Test\UdemyUnitTest.Test.csproj", "{84376AFC-159D-4EFF-BA84-D7531A1935BA}"
EndProject
Global
	GlobalSection(SolutionConfigurationPlatforms) = preSolution
		Debug|Any CPU = Debug|Any CPU
		Release|Any CPU = Release|Any CPU
	EndGlobalSection
	GlobalSection(ProjectConfigurationPlatforms) = postSolution
		{01E13CD0-7DC6-4FB2-9839-1FFA42A5E91B}.Debug|Any CPU.ActiveCfg = Debug|Any CPU
		{01E13CD0-7DC6-4FB2-9839-1FFA42A5E91B}.Debug|Any CPU.Build.0 = Debug|Any CPU
		{01E13CD0-7DC6-4FB2-9839-1FFA42A5E91B}.Release|Any CPU.ActiveCfg = Release|Any CPU
		{01E13CD0-7DC6-4FB2-9839-1FFA42A5E91B}.Release|Any CPU.Build.0 = Release|Any CPU
		{84376AFC-159D-4EFF-BA84-D7531A1935BA}.Debug|Any CPU.ActiveCfg = Debug|Any CPU
		{84376AFC-159D-4EFF-BA84-D7531A1935BA}.Debug|Any CPU.Build.0 = Debug|Any CPU
		{84376AFC-159D-4EFF-BA84-D7531A1935BA}.Release|Any CPU.ActiveCfg = Release|Any CPU
		{84376AFC-159D-4EFF-BA84-D7531A1935BA}.Release|Any CPU.Build.0 = Release|Any CPU
	EndGlobalSection
	GlobalSection(SolutionProperties) = preSolution
		HideSolutionNode = FALSE
	EndGlobalSection
	GlobalSection(ExtensibilityGlobals) = postSolution
		SolutionGuid = {7A51D2C7-BF68-4176-99C2-696042F44EA9}
	EndGlobalSection
EndGlobal
